// !$*UTF8*$!
{
	archiveVersion = 1;
	classes = {
	};
	objectVersion = 50;
	objects = {

/* Begin PBXBuildFile section */
		81650D21239F43E400580543 /* 621-任务调度器.swift in Sources */ = {isa = PBXBuildFile; fileRef = 81650D20239F43E400580543 /* 621-任务调度器.swift */; };
		818BEF3C23A1EF6E00382977 /* 1169-查询无效交易.swift in Sources */ = {isa = PBXBuildFile; fileRef = 818BEF3B23A1EF6E00382977 /* 1169-查询无效交易.swift */; };
		818BEF3E23A22B5600382977 /* Common.swift in Sources */ = {isa = PBXBuildFile; fileRef = 818BEF3D23A22B5600382977 /* Common.swift */; };
		818BEF4023A22B8200382977 /* 109-有序链表转换二叉搜索树.swift in Sources */ = {isa = PBXBuildFile; fileRef = 818BEF3F23A22B8200382977 /* 109-有序链表转换二叉搜索树.swift */; };
		818BEF4523A33E2200382977 /* 889-根据前序和后序遍历构造二叉树.swift in Sources */ = {isa = PBXBuildFile; fileRef = 818BEF4423A33E2200382977 /* 889-根据前序和后序遍历构造二叉树.swift */; };
		818BEF4723A363A500382977 /* 796-旋转字符串.swift in Sources */ = {isa = PBXBuildFile; fileRef = 818BEF4623A363A500382977 /* 796-旋转字符串.swift */; };
		818BEF4923A377C700382977 /* 682-棒球比赛.swift in Sources */ = {isa = PBXBuildFile; fileRef = 818BEF4823A377C700382977 /* 682-棒球比赛.swift */; };
		81A54D9423A729F000EE2CCC /* 665-非递减数列.swift in Sources */ = {isa = PBXBuildFile; fileRef = 81A54D9323A729F000EE2CCC /* 665-非递减数列.swift */; };
		81A54D9623A745B500EE2CCC /* 4-寻找两个有序数组的中位数.swift in Sources */ = {isa = PBXBuildFile; fileRef = 81A54D9523A745B500EE2CCC /* 4-寻找两个有序数组的中位数.swift */; };
		81A54D9823A8752D00EE2CCC /* 6-Z 字形变换.swift in Sources */ = {isa = PBXBuildFile; fileRef = 81A54D9723A8752D00EE2CCC /* 6-Z 字形变换.swift */; };
		81A54DC623A9D53C00EE2CCC /* 309-最佳买卖股票时机含冷冻期.swift in Sources */ = {isa = PBXBuildFile; fileRef = 81A54DC523A9D53C00EE2CCC /* 309-最佳买卖股票时机含冷冻期.swift */; };
		81A54E3423AB154F00EE2CCC /* 303-区域和检索 - 数组不可变.swift in Sources */ = {isa = PBXBuildFile; fileRef = 81A54E3323AB154F00EE2CCC /* 303-区域和检索 - 数组不可变.swift */; };
		81A54E3623AB502C00EE2CCC /* 876-链表的中间结点.swift in Sources */ = {isa = PBXBuildFile; fileRef = 81A54E3523AB502C00EE2CCC /* 876-链表的中间结点.swift */; };
		81A54E3823AB508000EE2CCC /* 977-有序数组的平方.swift in Sources */ = {isa = PBXBuildFile; fileRef = 81A54E3723AB508000EE2CCC /* 977-有序数组的平方.swift */; };
		81A54E3A23AB56B200EE2CCC /* 238-除自身以外数组的乘积.swift in Sources */ = {isa = PBXBuildFile; fileRef = 81A54E3923AB56B200EE2CCC /* 238-除自身以外数组的乘积.swift */; };
		81A54E3C23AC5F4E00EE2CCC /* 322-零钱兑换.swift in Sources */ = {isa = PBXBuildFile; fileRef = 81A54E3B23AC5F4E00EE2CCC /* 322-零钱兑换.swift */; };
		81A54E5E23ADC6FF00EE2CCC /* 304-二维区域和检索 - 矩阵不可变.swift in Sources */ = {isa = PBXBuildFile; fileRef = 81A54E5D23ADC6FF00EE2CCC /* 304-二维区域和检索 - 矩阵不可变.swift */; };
		81A54E6023ADF5BA00EE2CCC /* 213-打家劫舍 II.swift in Sources */ = {isa = PBXBuildFile; fileRef = 81A54E5F23ADF5BA00EE2CCC /* 213-打家劫舍 II.swift */; };
		81A54E8723B05DAE00EE2CCC /* 413-等差数列划分.swift in Sources */ = {isa = PBXBuildFile; fileRef = 81A54E8623B05DAE00EE2CCC /* 413-等差数列划分.swift */; };
		81A54E8923B05DCB00EE2CCC /* 5293-子串的最大出现次数.swift in Sources */ = {isa = PBXBuildFile; fileRef = 81A54E8823B05DCB00EE2CCC /* 5293-子串的最大出现次数.swift */; };
		81A54E8B23B05E0200EE2CCC /* 5292-划分数组为连续数字的集合.swift in Sources */ = {isa = PBXBuildFile; fileRef = 81A54E8A23B05E0200EE2CCC /* 5292-划分数组为连续数字的集合.swift */; };
		81A54E8D23B05E2000EE2CCC /* 5291- 统计位数为偶数的数字.swift in Sources */ = {isa = PBXBuildFile; fileRef = 81A54E8C23B05E2000EE2CCC /* 5291- 统计位数为偶数的数字.swift */; };
		81A54EB823B1DD6A00EE2CCC /* 494-目标和.swift in Sources */ = {isa = PBXBuildFile; fileRef = 81A54EB723B1DD6A00EE2CCC /* 494-目标和.swift */; };
		81A54EBC23B346D900EE2CCC /* 486-预测赢家.swift in Sources */ = {isa = PBXBuildFile; fileRef = 81A54EBB23B346D900EE2CCC /* 486-预测赢家.swift */; };
		81A54EBE23B3484F00EE2CCC /* 1137-第 N 个泰波那契数.swift in Sources */ = {isa = PBXBuildFile; fileRef = 81A54EBD23B3484F00EE2CCC /* 1137-第 N 个泰波那契数.swift */; };
		81A54EC123B4490E00EE2CCC /* 1104-二叉树寻路.swift in Sources */ = {isa = PBXBuildFile; fileRef = 81A54EC023B4490E00EE2CCC /* 1104-二叉树寻路.swift */; };
		81A54EC323B4577500EE2CCC /* 84-柱状图中最大的矩形.swift in Sources */ = {isa = PBXBuildFile; fileRef = 81A54EC223B4577500EE2CCC /* 84-柱状图中最大的矩形.swift */; };
		81A54EC523B5A70E00EE2CCC /* 42-接雨水.swift in Sources */ = {isa = PBXBuildFile; fileRef = 81A54EC423B5A70E00EE2CCC /* 42-接雨水.swift */; };
		81A54EC723B5D5EA00EE2CCC /* 496-下一个更大元素 I.swift in Sources */ = {isa = PBXBuildFile; fileRef = 81A54EC623B5D5EA00EE2CCC /* 496-下一个更大元素 I.swift */; };
		81A54EC923B5DB1700EE2CCC /* 排序.swift in Sources */ = {isa = PBXBuildFile; fileRef = 81A54EC823B5DB1700EE2CCC /* 排序.swift */; };
		81A54ECB23B6607E00EE2CCC /* 88-合并两个有序数组.swift in Sources */ = {isa = PBXBuildFile; fileRef = 81A54ECA23B6607E00EE2CCC /* 88-合并两个有序数组.swift */; };
		81A54ECD23B6626A00EE2CCC /* 167-两数之和 II - 输入有序数组.swift in Sources */ = {isa = PBXBuildFile; fileRef = 81A54ECC23B6626A00EE2CCC /* 167-两数之和 II - 输入有序数组.swift */; };
		81A54ECF23B662A500EE2CCC /* 删除链表中等于某个值得所有节点.swift in Sources */ = {isa = PBXBuildFile; fileRef = 81A54ECE23B662A500EE2CCC /* 删除链表中等于某个值得所有节点.swift */; };
		81A54ED123B6663200EE2CCC /* 100-相同的树.swift in Sources */ = {isa = PBXBuildFile; fileRef = 81A54ED023B6663200EE2CCC /* 100-相同的树.swift */; };
		81A54ED323B70F6A00EE2CCC /* 60-第k个排列.swift in Sources */ = {isa = PBXBuildFile; fileRef = 81A54ED223B70F6A00EE2CCC /* 60-第k个排列.swift */; };
		81BD50B823A5C490008B2278 /* 205-同构字符串.swift in Sources */ = {isa = PBXBuildFile; fileRef = 81BD50B723A5C490008B2278 /* 205-同构字符串.swift */; };
		81C1FC43239E1D6F00F2271B /* main.swift in Sources */ = {isa = PBXBuildFile; fileRef = 81C1FC42239E1D6F00F2271B /* main.swift */; };
		81C1FC4B239E205E00F2271B /* 31-下一个排列.swift in Sources */ = {isa = PBXBuildFile; fileRef = 81C1FC4A239E205E00F2271B /* 31-下一个排列.swift */; };
		81E60E8A23A088D500AAE3EA /* 89-格雷编码.swift in Sources */ = {isa = PBXBuildFile; fileRef = 81E60E8923A088D500AAE3EA /* 89-格雷编码.swift */; };
		81FF6F4623B8B04C00814D5B /* 5295-和为零的N个唯一整数.swift in Sources */ = {isa = PBXBuildFile; fileRef = 81FF6F4523B8B04C00814D5B /* 5295-和为零的N个唯一整数.swift */; };
		81FF6F4823B8B2A700814D5B /* 5296-两棵二叉搜索树中的所有元素.swift in Sources */ = {isa = PBXBuildFile; fileRef = 81FF6F4723B8B2A700814D5B /* 5296-两棵二叉搜索树中的所有元素.swift */; };
		81FF6F4A23B8BEC000814D5B /* 5297-跳跃游戏 III.swift in Sources */ = {isa = PBXBuildFile; fileRef = 81FF6F4923B8BEC000814D5B /* 5297-跳跃游戏 III.swift */; };
		81FF6F4C23B9938500814D5B /* 673-最长递增子序列的个数.swift in Sources */ = {isa = PBXBuildFile; fileRef = 81FF6F4B23B9938500814D5B /* 673-最长递增子序列的个数.swift */; };
		81FF6F4E23BAE70100814D5B /* 967-连续差相同的数字.swift in Sources */ = {isa = PBXBuildFile; fileRef = 81FF6F4D23BAE70100814D5B /* 967-连续差相同的数字.swift */; };
/* End PBXBuildFile section */

/* Begin PBXCopyFilesBuildPhase section */
		81C1FC3D239E1D6F00F2271B /* CopyFiles */ = {
			isa = PBXCopyFilesBuildPhase;
			buildActionMask = 2147483647;
			dstPath = /usr/share/man/man1/;
			dstSubfolderSpec = 0;
			files = (
			);
			runOnlyForDeploymentPostprocessing = 1;
		};
/* End PBXCopyFilesBuildPhase section */

/* Begin PBXFileReference section */
		81650D20239F43E400580543 /* 621-任务调度器.swift */ = {isa = PBXFileReference; lastKnownFileType = sourcecode.swift; path = "621-任务调度器.swift"; sourceTree = "<group>"; };
		818BEF3B23A1EF6E00382977 /* 1169-查询无效交易.swift */ = {isa = PBXFileReference; lastKnownFileType = sourcecode.swift; path = "1169-查询无效交易.swift"; sourceTree = "<group>"; };
		818BEF3D23A22B5600382977 /* Common.swift */ = {isa = PBXFileReference; lastKnownFileType = sourcecode.swift; path = Common.swift; sourceTree = "<group>"; };
		818BEF3F23A22B8200382977 /* 109-有序链表转换二叉搜索树.swift */ = {isa = PBXFileReference; lastKnownFileType = sourcecode.swift; path = "109-有序链表转换二叉搜索树.swift"; sourceTree = "<group>"; };
		818BEF4423A33E2200382977 /* 889-根据前序和后序遍历构造二叉树.swift */ = {isa = PBXFileReference; lastKnownFileType = sourcecode.swift; path = "889-根据前序和后序遍历构造二叉树.swift"; sourceTree = "<group>"; };
		818BEF4623A363A500382977 /* 796-旋转字符串.swift */ = {isa = PBXFileReference; lastKnownFileType = sourcecode.swift; path = "796-旋转字符串.swift"; sourceTree = "<group>"; };
		818BEF4823A377C700382977 /* 682-棒球比赛.swift */ = {isa = PBXFileReference; lastKnownFileType = sourcecode.swift; path = "682-棒球比赛.swift"; sourceTree = "<group>"; };
		81A54D9323A729F000EE2CCC /* 665-非递减数列.swift */ = {isa = PBXFileReference; lastKnownFileType = sourcecode.swift; path = "665-非递减数列.swift"; sourceTree = "<group>"; };
		81A54D9523A745B500EE2CCC /* 4-寻找两个有序数组的中位数.swift */ = {isa = PBXFileReference; lastKnownFileType = sourcecode.swift; path = "4-寻找两个有序数组的中位数.swift"; sourceTree = "<group>"; };
		81A54D9723A8752D00EE2CCC /* 6-Z 字形变换.swift */ = {isa = PBXFileReference; lastKnownFileType = sourcecode.swift; path = "6-Z 字形变换.swift"; sourceTree = "<group>"; };
		81A54DC523A9D53C00EE2CCC /* 309-最佳买卖股票时机含冷冻期.swift */ = {isa = PBXFileReference; lastKnownFileType = sourcecode.swift; path = "309-最佳买卖股票时机含冷冻期.swift"; sourceTree = "<group>"; };
		81A54E3323AB154F00EE2CCC /* 303-区域和检索 - 数组不可变.swift */ = {isa = PBXFileReference; lastKnownFileType = sourcecode.swift; path = "303-区域和检索 - 数组不可变.swift"; sourceTree = "<group>"; };
		81A54E3523AB502C00EE2CCC /* 876-链表的中间结点.swift */ = {isa = PBXFileReference; lastKnownFileType = sourcecode.swift; path = "876-链表的中间结点.swift"; sourceTree = "<group>"; };
		81A54E3723AB508000EE2CCC /* 977-有序数组的平方.swift */ = {isa = PBXFileReference; lastKnownFileType = sourcecode.swift; path = "977-有序数组的平方.swift"; sourceTree = "<group>"; };
		81A54E3923AB56B200EE2CCC /* 238-除自身以外数组的乘积.swift */ = {isa = PBXFileReference; lastKnownFileType = sourcecode.swift; path = "238-除自身以外数组的乘积.swift"; sourceTree = "<group>"; };
		81A54E3B23AC5F4E00EE2CCC /* 322-零钱兑换.swift */ = {isa = PBXFileReference; lastKnownFileType = sourcecode.swift; path = "322-零钱兑换.swift"; sourceTree = "<group>"; };
		81A54E5D23ADC6FF00EE2CCC /* 304-二维区域和检索 - 矩阵不可变.swift */ = {isa = PBXFileReference; lastKnownFileType = sourcecode.swift; path = "304-二维区域和检索 - 矩阵不可变.swift"; sourceTree = "<group>"; };
		81A54E5F23ADF5BA00EE2CCC /* 213-打家劫舍 II.swift */ = {isa = PBXFileReference; lastKnownFileType = sourcecode.swift; path = "213-打家劫舍 II.swift"; sourceTree = "<group>"; };
		81A54E8623B05DAE00EE2CCC /* 413-等差数列划分.swift */ = {isa = PBXFileReference; lastKnownFileType = sourcecode.swift; path = "413-等差数列划分.swift"; sourceTree = "<group>"; };
		81A54E8823B05DCB00EE2CCC /* 5293-子串的最大出现次数.swift */ = {isa = PBXFileReference; lastKnownFileType = sourcecode.swift; path = "5293-子串的最大出现次数.swift"; sourceTree = "<group>"; };
		81A54E8A23B05E0200EE2CCC /* 5292-划分数组为连续数字的集合.swift */ = {isa = PBXFileReference; lastKnownFileType = sourcecode.swift; path = "5292-划分数组为连续数字的集合.swift"; sourceTree = "<group>"; };
		81A54E8C23B05E2000EE2CCC /* 5291- 统计位数为偶数的数字.swift */ = {isa = PBXFileReference; lastKnownFileType = sourcecode.swift; path = "5291- 统计位数为偶数的数字.swift"; sourceTree = "<group>"; };
		81A54EB723B1DD6A00EE2CCC /* 494-目标和.swift */ = {isa = PBXFileReference; lastKnownFileType = sourcecode.swift; path = "494-目标和.swift"; sourceTree = "<group>"; };
		81A54EBB23B346D900EE2CCC /* 486-预测赢家.swift */ = {isa = PBXFileReference; lastKnownFileType = sourcecode.swift; path = "486-预测赢家.swift"; sourceTree = "<group>"; };
		81A54EBD23B3484F00EE2CCC /* 1137-第 N 个泰波那契数.swift */ = {isa = PBXFileReference; lastKnownFileType = sourcecode.swift; path = "1137-第 N 个泰波那契数.swift"; sourceTree = "<group>"; };
		81A54EBF23B34A8800EE2CCC /* README.md */ = {isa = PBXFileReference; lastKnownFileType = net.daringfireball.markdown; path = README.md; sourceTree = "<group>"; };
		81A54EC023B4490E00EE2CCC /* 1104-二叉树寻路.swift */ = {isa = PBXFileReference; lastKnownFileType = sourcecode.swift; path = "1104-二叉树寻路.swift"; sourceTree = "<group>"; };
		81A54EC223B4577500EE2CCC /* 84-柱状图中最大的矩形.swift */ = {isa = PBXFileReference; lastKnownFileType = sourcecode.swift; path = "84-柱状图中最大的矩形.swift"; sourceTree = "<group>"; };
		81A54EC423B5A70E00EE2CCC /* 42-接雨水.swift */ = {isa = PBXFileReference; lastKnownFileType = sourcecode.swift; path = "42-接雨水.swift"; sourceTree = "<group>"; };
		81A54EC623B5D5EA00EE2CCC /* 496-下一个更大元素 I.swift */ = {isa = PBXFileReference; lastKnownFileType = sourcecode.swift; path = "496-下一个更大元素 I.swift"; sourceTree = "<group>"; };
		81A54EC823B5DB1700EE2CCC /* 排序.swift */ = {isa = PBXFileReference; lastKnownFileType = sourcecode.swift; path = "排序.swift"; sourceTree = "<group>"; };
		81A54ECA23B6607E00EE2CCC /* 88-合并两个有序数组.swift */ = {isa = PBXFileReference; lastKnownFileType = sourcecode.swift; path = "88-合并两个有序数组.swift"; sourceTree = "<group>"; };
		81A54ECC23B6626A00EE2CCC /* 167-两数之和 II - 输入有序数组.swift */ = {isa = PBXFileReference; lastKnownFileType = sourcecode.swift; path = "167-两数之和 II - 输入有序数组.swift"; sourceTree = "<group>"; };
		81A54ECE23B662A500EE2CCC /* 删除链表中等于某个值得所有节点.swift */ = {isa = PBXFileReference; lastKnownFileType = sourcecode.swift; path = "删除链表中等于某个值得所有节点.swift"; sourceTree = "<group>"; };
		81A54ED023B6663200EE2CCC /* 100-相同的树.swift */ = {isa = PBXFileReference; lastKnownFileType = sourcecode.swift; path = "100-相同的树.swift"; sourceTree = "<group>"; };
		81A54ED223B70F6A00EE2CCC /* 60-第k个排列.swift */ = {isa = PBXFileReference; lastKnownFileType = sourcecode.swift; path = "60-第k个排列.swift"; sourceTree = "<group>"; };
		81BD50B723A5C490008B2278 /* 205-同构字符串.swift */ = {isa = PBXFileReference; lastKnownFileType = sourcecode.swift; path = "205-同构字符串.swift"; sourceTree = "<group>"; };
		81C1FC3F239E1D6F00F2271B /* LeetCode */ = {isa = PBXFileReference; explicitFileType = "compiled.mach-o.executable"; includeInIndex = 0; path = LeetCode; sourceTree = BUILT_PRODUCTS_DIR; };
		81C1FC42239E1D6F00F2271B /* main.swift */ = {isa = PBXFileReference; lastKnownFileType = sourcecode.swift; path = main.swift; sourceTree = "<group>"; };
		81C1FC4A239E205E00F2271B /* 31-下一个排列.swift */ = {isa = PBXFileReference; lastKnownFileType = sourcecode.swift; path = "31-下一个排列.swift"; sourceTree = "<group>"; };
		81E60E8923A088D500AAE3EA /* 89-格雷编码.swift */ = {isa = PBXFileReference; lastKnownFileType = sourcecode.swift; path = "89-格雷编码.swift"; sourceTree = "<group>"; };
		81FF6F4523B8B04C00814D5B /* 5295-和为零的N个唯一整数.swift */ = {isa = PBXFileReference; lastKnownFileType = sourcecode.swift; path = "5295-和为零的N个唯一整数.swift"; sourceTree = "<group>"; };
		81FF6F4723B8B2A700814D5B /* 5296-两棵二叉搜索树中的所有元素.swift */ = {isa = PBXFileReference; lastKnownFileType = sourcecode.swift; path = "5296-两棵二叉搜索树中的所有元素.swift"; sourceTree = "<group>"; };
		81FF6F4923B8BEC000814D5B /* 5297-跳跃游戏 III.swift */ = {isa = PBXFileReference; lastKnownFileType = sourcecode.swift; path = "5297-跳跃游戏 III.swift"; sourceTree = "<group>"; };
		81FF6F4B23B9938500814D5B /* 673-最长递增子序列的个数.swift */ = {isa = PBXFileReference; lastKnownFileType = sourcecode.swift; path = "673-最长递增子序列的个数.swift"; sourceTree = "<group>"; };
		81FF6F4D23BAE70100814D5B /* 967-连续差相同的数字.swift */ = {isa = PBXFileReference; lastKnownFileType = sourcecode.swift; path = "967-连续差相同的数字.swift"; sourceTree = "<group>"; };
/* End PBXFileReference section */

/* Begin PBXFrameworksBuildPhase section */
		81C1FC3C239E1D6F00F2271B /* Frameworks */ = {
			isa = PBXFrameworksBuildPhase;
			buildActionMask = 2147483647;
			files = (
			);
			runOnlyForDeploymentPostprocessing = 0;
		};
/* End PBXFrameworksBuildPhase section */

/* Begin PBXGroup section */
		81C1FC36239E1D6F00F2271B = {
			isa = PBXGroup;
			children = (
				81A54EBF23B34A8800EE2CCC /* README.md */,
				81C1FC41239E1D6F00F2271B /* LeetCode */,
				81C1FC40239E1D6F00F2271B /* Products */,
			);
			sourceTree = "<group>";
		};
		81C1FC40239E1D6F00F2271B /* Products */ = {
			isa = PBXGroup;
			children = (
				81C1FC3F239E1D6F00F2271B /* LeetCode */,
			);
			name = Products;
			sourceTree = "<group>";
		};
		81C1FC41239E1D6F00F2271B /* LeetCode */ = {
			isa = PBXGroup;
			children = (
				81C1FC42239E1D6F00F2271B /* main.swift */,
				81C1FC4A239E205E00F2271B /* 31-下一个排列.swift */,
				81650D20239F43E400580543 /* 621-任务调度器.swift */,
				81E60E8923A088D500AAE3EA /* 89-格雷编码.swift */,
				818BEF3B23A1EF6E00382977 /* 1169-查询无效交易.swift */,
				818BEF3D23A22B5600382977 /* Common.swift */,
				818BEF3F23A22B8200382977 /* 109-有序链表转换二叉搜索树.swift */,
				818BEF4423A33E2200382977 /* 889-根据前序和后序遍历构造二叉树.swift */,
				818BEF4623A363A500382977 /* 796-旋转字符串.swift */,
				818BEF4823A377C700382977 /* 682-棒球比赛.swift */,
				81BD50B723A5C490008B2278 /* 205-同构字符串.swift */,
				81A54D9323A729F000EE2CCC /* 665-非递减数列.swift */,
				81A54D9523A745B500EE2CCC /* 4-寻找两个有序数组的中位数.swift */,
				81A54D9723A8752D00EE2CCC /* 6-Z 字形变换.swift */,
				81A54DC523A9D53C00EE2CCC /* 309-最佳买卖股票时机含冷冻期.swift */,
				81A54E3323AB154F00EE2CCC /* 303-区域和检索 - 数组不可变.swift */,
				81A54E3523AB502C00EE2CCC /* 876-链表的中间结点.swift */,
				81A54E3723AB508000EE2CCC /* 977-有序数组的平方.swift */,
				81A54E3923AB56B200EE2CCC /* 238-除自身以外数组的乘积.swift */,
				81A54E3B23AC5F4E00EE2CCC /* 322-零钱兑换.swift */,
				81A54E5D23ADC6FF00EE2CCC /* 304-二维区域和检索 - 矩阵不可变.swift */,
				81A54E5F23ADF5BA00EE2CCC /* 213-打家劫舍 II.swift */,
				81A54E8623B05DAE00EE2CCC /* 413-等差数列划分.swift */,
				81A54E8823B05DCB00EE2CCC /* 5293-子串的最大出现次数.swift */,
				81A54E8A23B05E0200EE2CCC /* 5292-划分数组为连续数字的集合.swift */,
				81A54E8C23B05E2000EE2CCC /* 5291- 统计位数为偶数的数字.swift */,
				81A54EB723B1DD6A00EE2CCC /* 494-目标和.swift */,
				81A54EBB23B346D900EE2CCC /* 486-预测赢家.swift */,
				81A54EBD23B3484F00EE2CCC /* 1137-第 N 个泰波那契数.swift */,
				81A54EC023B4490E00EE2CCC /* 1104-二叉树寻路.swift */,
				81A54EC223B4577500EE2CCC /* 84-柱状图中最大的矩形.swift */,
				81A54EC423B5A70E00EE2CCC /* 42-接雨水.swift */,
				81A54EC623B5D5EA00EE2CCC /* 496-下一个更大元素 I.swift */,
				81A54EC823B5DB1700EE2CCC /* 排序.swift */,
				81A54ECA23B6607E00EE2CCC /* 88-合并两个有序数组.swift */,
				81A54ECC23B6626A00EE2CCC /* 167-两数之和 II - 输入有序数组.swift */,
				81A54ECE23B662A500EE2CCC /* 删除链表中等于某个值得所有节点.swift */,
				81A54ED023B6663200EE2CCC /* 100-相同的树.swift */,
				81A54ED223B70F6A00EE2CCC /* 60-第k个排列.swift */,
				81FF6F4523B8B04C00814D5B /* 5295-和为零的N个唯一整数.swift */,
				81FF6F4723B8B2A700814D5B /* 5296-两棵二叉搜索树中的所有元素.swift */,
				81FF6F4923B8BEC000814D5B /* 5297-跳跃游戏 III.swift */,
				81FF6F4B23B9938500814D5B /* 673-最长递增子序列的个数.swift */,
				81FF6F4D23BAE70100814D5B /* 967-连续差相同的数字.swift */,
			);
			path = LeetCode;
			sourceTree = "<group>";
		};
/* End PBXGroup section */

/* Begin PBXNativeTarget section */
		81C1FC3E239E1D6F00F2271B /* LeetCode */ = {
			isa = PBXNativeTarget;
			buildConfigurationList = 81C1FC46239E1D6F00F2271B /* Build configuration list for PBXNativeTarget "LeetCode" */;
			buildPhases = (
				81C1FC3B239E1D6F00F2271B /* Sources */,
				81C1FC3C239E1D6F00F2271B /* Frameworks */,
				81C1FC3D239E1D6F00F2271B /* CopyFiles */,
			);
			buildRules = (
			);
			dependencies = (
			);
			name = LeetCode;
			productName = LeetCode;
			productReference = 81C1FC3F239E1D6F00F2271B /* LeetCode */;
			productType = "com.apple.product-type.tool";
		};
/* End PBXNativeTarget section */

/* Begin PBXProject section */
		81C1FC37239E1D6F00F2271B /* Project object */ = {
			isa = PBXProject;
			attributes = {
				LastSwiftUpdateCheck = 1120;
				LastUpgradeCheck = 1120;
				ORGANIZATIONNAME = "李坤坤";
				TargetAttributes = {
					81C1FC3E239E1D6F00F2271B = {
						CreatedOnToolsVersion = 11.2;
					};
				};
			};
			buildConfigurationList = 81C1FC3A239E1D6F00F2271B /* Build configuration list for PBXProject "LeetCode" */;
			compatibilityVersion = "Xcode 9.3";
			developmentRegion = en;
			hasScannedForEncodings = 0;
			knownRegions = (
				en,
				Base,
			);
			mainGroup = 81C1FC36239E1D6F00F2271B;
			productRefGroup = 81C1FC40239E1D6F00F2271B /* Products */;
			projectDirPath = "";
			projectRoot = "";
			targets = (
				81C1FC3E239E1D6F00F2271B /* LeetCode */,
			);
		};
/* End PBXProject section */

/* Begin PBXSourcesBuildPhase section */
		81C1FC3B239E1D6F00F2271B /* Sources */ = {
			isa = PBXSourcesBuildPhase;
			buildActionMask = 2147483647;
			files = (
				81E60E8A23A088D500AAE3EA /* 89-格雷编码.swift in Sources */,
				818BEF4023A22B8200382977 /* 109-有序链表转换二叉搜索树.swift in Sources */,
				81FF6F4823B8B2A700814D5B /* 5296-两棵二叉搜索树中的所有元素.swift in Sources */,
				81A54ED123B6663200EE2CCC /* 100-相同的树.swift in Sources */,
				81A54D9423A729F000EE2CCC /* 665-非递减数列.swift in Sources */,
				818BEF4923A377C700382977 /* 682-棒球比赛.swift in Sources */,
				81A54EC723B5D5EA00EE2CCC /* 496-下一个更大元素 I.swift in Sources */,
				818BEF4723A363A500382977 /* 796-旋转字符串.swift in Sources */,
				81A54DC623A9D53C00EE2CCC /* 309-最佳买卖股票时机含冷冻期.swift in Sources */,
				81A54EC323B4577500EE2CCC /* 84-柱状图中最大的矩形.swift in Sources */,
				81A54D9823A8752D00EE2CCC /* 6-Z 字形变换.swift in Sources */,
				81A54ED323B70F6A00EE2CCC /* 60-第k个排列.swift in Sources */,
				81A54E8D23B05E2000EE2CCC /* 5291- 统计位数为偶数的数字.swift in Sources */,
				81A54ECB23B6607E00EE2CCC /* 88-合并两个有序数组.swift in Sources */,
				81FF6F4623B8B04C00814D5B /* 5295-和为零的N个唯一整数.swift in Sources */,
				81A54EB823B1DD6A00EE2CCC /* 494-目标和.swift in Sources */,
				818BEF4523A33E2200382977 /* 889-根据前序和后序遍历构造二叉树.swift in Sources */,
				81A54E3823AB508000EE2CCC /* 977-有序数组的平方.swift in Sources */,
				81A54E8723B05DAE00EE2CCC /* 413-等差数列划分.swift in Sources */,
				81C1FC4B239E205E00F2271B /* 31-下一个排列.swift in Sources */,
				81C1FC43239E1D6F00F2271B /* main.swift in Sources */,
				81A54EC123B4490E00EE2CCC /* 1104-二叉树寻路.swift in Sources */,
				81FF6F4A23B8BEC000814D5B /* 5297-跳跃游戏 III.swift in Sources */,
				81A54E3C23AC5F4E00EE2CCC /* 322-零钱兑换.swift in Sources */,
				81FF6F4C23B9938500814D5B /* 673-最长递增子序列的个数.swift in Sources */,
				81A54E3423AB154F00EE2CCC /* 303-区域和检索 - 数组不可变.swift in Sources */,
				818BEF3C23A1EF6E00382977 /* 1169-查询无效交易.swift in Sources */,
				81A54ECF23B662A500EE2CCC /* 删除链表中等于某个值得所有节点.swift in Sources */,
				81A54E8923B05DCB00EE2CCC /* 5293-子串的最大出现次数.swift in Sources */,
				818BEF3E23A22B5600382977 /* Common.swift in Sources */,
				81A54EBC23B346D900EE2CCC /* 486-预测赢家.swift in Sources */,
				81BD50B823A5C490008B2278 /* 205-同构字符串.swift in Sources */,
				81FF6F4E23BAE70100814D5B /* 967-连续差相同的数字.swift in Sources */,
				81A54E8B23B05E0200EE2CCC /* 5292-划分数组为连续数字的集合.swift in Sources */,
				81A54ECD23B6626A00EE2CCC /* 167-两数之和 II - 输入有序数组.swift in Sources */,
				81650D21239F43E400580543 /* 621-任务调度器.swift in Sources */,
				81A54E5E23ADC6FF00EE2CCC /* 304-二维区域和检索 - 矩阵不可变.swift in Sources */,
				81A54E3623AB502C00EE2CCC /* 876-链表的中间结点.swift in Sources */,
				81A54EC923B5DB1700EE2CCC /* 排序.swift in Sources */,
				81A54EC523B5A70E00EE2CCC /* 42-接雨水.swift in Sources */,
				81A54E3A23AB56B200EE2CCC /* 238-除自身以外数组的乘积.swift in Sources */,
				81A54E6023ADF5BA00EE2CCC /* 213-打家劫舍 II.swift in Sources */,
				81A54D9623A745B500EE2CCC /* 4-寻找两个有序数组的中位数.swift in Sources */,
				81A54EBE23B3484F00EE2CCC /* 1137-第 N 个泰波那契数.swift in Sources */,
			);
			runOnlyForDeploymentPostprocessing = 0;
		};
/* End PBXSourcesBuildPhase section */

/* Begin XCBuildConfiguration section */
		81C1FC44239E1D6F00F2271B /* Debug */ = {
			isa = XCBuildConfiguration;
			buildSettings = {
				ALWAYS_SEARCH_USER_PATHS = NO;
				CLANG_ANALYZER_NONNULL = YES;
				CLANG_ANALYZER_NUMBER_OBJECT_CONVERSION = YES_AGGRESSIVE;
				CLANG_CXX_LANGUAGE_STANDARD = "gnu++14";
				CLANG_CXX_LIBRARY = "libc++";
				CLANG_ENABLE_MODULES = YES;
				CLANG_ENABLE_OBJC_ARC = YES;
				CLANG_ENABLE_OBJC_WEAK = YES;
				CLANG_WARN_BLOCK_CAPTURE_AUTORELEASING = YES;
				CLANG_WARN_BOOL_CONVERSION = YES;
				CLANG_WARN_COMMA = YES;
				CLANG_WARN_CONSTANT_CONVERSION = YES;
				CLANG_WARN_DEPRECATED_OBJC_IMPLEMENTATIONS = YES;
				CLANG_WARN_DIRECT_OBJC_ISA_USAGE = YES_ERROR;
				CLANG_WARN_DOCUMENTATION_COMMENTS = YES;
				CLANG_WARN_EMPTY_BODY = YES;
				CLANG_WARN_ENUM_CONVERSION = YES;
				CLANG_WARN_INFINITE_RECURSION = YES;
				CLANG_WARN_INT_CONVERSION = YES;
				CLANG_WARN_NON_LITERAL_NULL_CONVERSION = YES;
				CLANG_WARN_OBJC_IMPLICIT_RETAIN_SELF = YES;
				CLANG_WARN_OBJC_LITERAL_CONVERSION = YES;
				CLANG_WARN_OBJC_ROOT_CLASS = YES_ERROR;
				CLANG_WARN_RANGE_LOOP_ANALYSIS = YES;
				CLANG_WARN_STRICT_PROTOTYPES = YES;
				CLANG_WARN_SUSPICIOUS_MOVE = YES;
				CLANG_WARN_UNGUARDED_AVAILABILITY = YES_AGGRESSIVE;
				CLANG_WARN_UNREACHABLE_CODE = YES;
				CLANG_WARN__DUPLICATE_METHOD_MATCH = YES;
				COPY_PHASE_STRIP = NO;
				DEBUG_INFORMATION_FORMAT = dwarf;
				ENABLE_STRICT_OBJC_MSGSEND = YES;
				ENABLE_TESTABILITY = YES;
				GCC_C_LANGUAGE_STANDARD = gnu11;
				GCC_DYNAMIC_NO_PIC = NO;
				GCC_NO_COMMON_BLOCKS = YES;
				GCC_OPTIMIZATION_LEVEL = 0;
				GCC_PREPROCESSOR_DEFINITIONS = (
					"DEBUG=1",
					"$(inherited)",
				);
				GCC_WARN_64_TO_32_BIT_CONVERSION = YES;
				GCC_WARN_ABOUT_RETURN_TYPE = YES_ERROR;
				GCC_WARN_UNDECLARED_SELECTOR = YES;
				GCC_WARN_UNINITIALIZED_AUTOS = YES_AGGRESSIVE;
				GCC_WARN_UNUSED_FUNCTION = YES;
				GCC_WARN_UNUSED_VARIABLE = YES;
				MACOSX_DEPLOYMENT_TARGET = 10.14;
				MTL_ENABLE_DEBUG_INFO = INCLUDE_SOURCE;
				MTL_FAST_MATH = YES;
				ONLY_ACTIVE_ARCH = YES;
				SDKROOT = macosx;
				SWIFT_ACTIVE_COMPILATION_CONDITIONS = DEBUG;
				SWIFT_OPTIMIZATION_LEVEL = "-Onone";
			};
			name = Debug;
		};
		81C1FC45239E1D6F00F2271B /* Release */ = {
			isa = XCBuildConfiguration;
			buildSettings = {
				ALWAYS_SEARCH_USER_PATHS = NO;
				CLANG_ANALYZER_NONNULL = YES;
				CLANG_ANALYZER_NUMBER_OBJECT_CONVERSION = YES_AGGRESSIVE;
				CLANG_CXX_LANGUAGE_STANDARD = "gnu++14";
				CLANG_CXX_LIBRARY = "libc++";
				CLANG_ENABLE_MODULES = YES;
				CLANG_ENABLE_OBJC_ARC = YES;
				CLANG_ENABLE_OBJC_WEAK = YES;
				CLANG_WARN_BLOCK_CAPTURE_AUTORELEASING = YES;
				CLANG_WARN_BOOL_CONVERSION = YES;
				CLANG_WARN_COMMA = YES;
				CLANG_WARN_CONSTANT_CONVERSION = YES;
				CLANG_WARN_DEPRECATED_OBJC_IMPLEMENTATIONS = YES;
				CLANG_WARN_DIRECT_OBJC_ISA_USAGE = YES_ERROR;
				CLANG_WARN_DOCUMENTATION_COMMENTS = YES;
				CLANG_WARN_EMPTY_BODY = YES;
				CLANG_WARN_ENUM_CONVERSION = YES;
				CLANG_WARN_INFINITE_RECURSION = YES;
				CLANG_WARN_INT_CONVERSION = YES;
				CLANG_WARN_NON_LITERAL_NULL_CONVERSION = YES;
				CLANG_WARN_OBJC_IMPLICIT_RETAIN_SELF = YES;
				CLANG_WARN_OBJC_LITERAL_CONVERSION = YES;
				CLANG_WARN_OBJC_ROOT_CLASS = YES_ERROR;
				CLANG_WARN_RANGE_LOOP_ANALYSIS = YES;
				CLANG_WARN_STRICT_PROTOTYPES = YES;
				CLANG_WARN_SUSPICIOUS_MOVE = YES;
				CLANG_WARN_UNGUARDED_AVAILABILITY = YES_AGGRESSIVE;
				CLANG_WARN_UNREACHABLE_CODE = YES;
				CLANG_WARN__DUPLICATE_METHOD_MATCH = YES;
				COPY_PHASE_STRIP = NO;
				DEBUG_INFORMATION_FORMAT = "dwarf-with-dsym";
				ENABLE_NS_ASSERTIONS = NO;
				ENABLE_STRICT_OBJC_MSGSEND = YES;
				GCC_C_LANGUAGE_STANDARD = gnu11;
				GCC_NO_COMMON_BLOCKS = YES;
				GCC_WARN_64_TO_32_BIT_CONVERSION = YES;
				GCC_WARN_ABOUT_RETURN_TYPE = YES_ERROR;
				GCC_WARN_UNDECLARED_SELECTOR = YES;
				GCC_WARN_UNINITIALIZED_AUTOS = YES_AGGRESSIVE;
				GCC_WARN_UNUSED_FUNCTION = YES;
				GCC_WARN_UNUSED_VARIABLE = YES;
				MACOSX_DEPLOYMENT_TARGET = 10.14;
				MTL_ENABLE_DEBUG_INFO = NO;
				MTL_FAST_MATH = YES;
				SDKROOT = macosx;
				SWIFT_COMPILATION_MODE = wholemodule;
				SWIFT_OPTIMIZATION_LEVEL = "-O";
			};
			name = Release;
		};
		81C1FC47239E1D6F00F2271B /* Debug */ = {
			isa = XCBuildConfiguration;
			buildSettings = {
				CODE_SIGN_STYLE = Automatic;
				PRODUCT_NAME = "$(TARGET_NAME)";
				SWIFT_VERSION = 5.0;
			};
			name = Debug;
		};
		81C1FC48239E1D6F00F2271B /* Release */ = {
			isa = XCBuildConfiguration;
			buildSettings = {
				CODE_SIGN_STYLE = Automatic;
				PRODUCT_NAME = "$(TARGET_NAME)";
				SWIFT_VERSION = 5.0;
			};
			name = Release;
		};
/* End XCBuildConfiguration section */

/* Begin XCConfigurationList section */
		81C1FC3A239E1D6F00F2271B /* Build configuration list for PBXProject "LeetCode" */ = {
			isa = XCConfigurationList;
			buildConfigurations = (
				81C1FC44239E1D6F00F2271B /* Debug */,
				81C1FC45239E1D6F00F2271B /* Release */,
			);
			defaultConfigurationIsVisible = 0;
			defaultConfigurationName = Release;
		};
		81C1FC46239E1D6F00F2271B /* Build configuration list for PBXNativeTarget "LeetCode" */ = {
			isa = XCConfigurationList;
			buildConfigurations = (
				81C1FC47239E1D6F00F2271B /* Debug */,
				81C1FC48239E1D6F00F2271B /* Release */,
			);
			defaultConfigurationIsVisible = 0;
			defaultConfigurationName = Release;
		};
/* End XCConfigurationList section */
	};
	rootObject = 81C1FC37239E1D6F00F2271B /* Project object */;
}
